{
  "lockfileVersion": 1,
  "configVersion": 1,
  "workspaces": {
    "": {
      "dependencies": {
        "lucide": "^0.556.0",
      },
    },
  },
  "packages": {
    "lucide": ["lucide@0.556.0", "", {}, "sha512-sJ6NrZ+Q2Fv0Uardg7nsgjoKZ3r70wp3n30fvfbxMt5Fi1fQy1deS99z1g3xQpObok+LT1LjjcCyojUKGIHo7A=="],
  }
}
